
Microsoft Visual Studio Solution File, Format Version 12.00
# Visual Studio Version 16
VisualStudioVersion = 16.0.30114.105
MinimumVisualStudioVersion = 10.0.40219.1
Project("{FAE04EC0-301F-11D3-BF4B-00C04F79EFBC}") = "Vee", "src\Vee.csproj", "{196DFE27-C621-430C-8428-2B5EA933B291}"
EndProject
Project("{FAE04EC0-301F-11D3-BF4B-00C04F79EFBC}") = "Vee.Tests", "tests\Vee.Tests.csproj", "{88F9588E-F642-4AA6-9A5E-D8EAD886FD7F}"
EndProject
Global
	GlobalSection(SolutionConfigurationPlatforms) = preSolution
		Debug|Any CPU = Debug|Any CPU
		Release|Any CPU = Release|Any CPU
	EndGlobalSection
	GlobalSection(SolutionProperties) = preSolution
		HideSolutionNode = FALSE
	EndGlobalSection
	GlobalSection(ProjectConfigurationPlatforms) = postSolution
		{196DFE27-C621-430C-8428-2B5EA933B291}.Debug|Any CPU.ActiveCfg = Debug|Any CPU
		{196DFE27-C621-430C-8428-2B5EA933B291}.Debug|Any CPU.Build.0 = Debug|Any CPU
		{196DFE27-C621-430C-8428-2B5EA933B291}.Release|Any CPU.ActiveCfg = Release|Any CPU
		{196DFE27-C621-430C-8428-2B5EA933B291}.Release|Any CPU.Build.0 = Release|Any CPU
		{88F9588E-F642-4AA6-9A5E-D8EAD886FD7F}.Debug|Any CPU.ActiveCfg = Debug|Any CPU
		{88F9588E-F642-4AA6-9A5E-D8EAD886FD7F}.Debug|Any CPU.Build.0 = Debug|Any CPU
		{88F9588E-F642-4AA6-9A5E-D8EAD886FD7F}.Release|Any CPU.ActiveCfg = Release|Any CPU
		{88F9588E-F642-4AA6-9A5E-D8EAD886FD7F}.Release|Any CPU.Build.0 = Release|Any CPU
	EndGlobalSection
EndGlobal
